PODS:
  - Integration (0.1.0)
  - RootViewController (0.1.0):
    - Integration
  - SCCModule (1.3.3)

DEPENDENCIES:
  - Integration (from `localPods/Integration/`)
  - RootViewController (from `localPods/RootViewController/`)
  - SCCModule

SPEC REPOS:
  https://git.souche-inc.com/geliang/cheniu_pod.git:
    - SCCModule

EXTERNAL SOURCES:
  Integration:
    :path: localPods/Integration/
  RootViewController:
    :path: localPods/RootViewController/

SPEC CHECKSUMS:
  Integration: cce26c58c648482909c293fd155c0e8a73a96c81
  RootViewController: 43cb8cc36d63e1f6d95a3ee5e237a20c093afdf0
  SCCModule: 5ca05f69c003e4000650e0c4b94b60e091ad4a8e

PODFILE CHECKSUM: 70d00f16e1e0ee7faf4e016fa68eb9e342b2dcb9

COCOAPODS: 1.11.3
